[[dependencies]]
name = "eth-infinitism-account-abstraction"
version = "0.8.0"
url = "https://soldeer-revisions.s3.amazonaws.com/eth-infinitism-account-abstraction/0_8_0_24-03-2025_13:49:05_eth-infinitism-account-abstraction-0.8.zip"
checksum = "305f34048fe928dacefb31a61baecae18eed43959f892d6a1b428eb46bb6afc9"
integrity = "8ffcb24a9c6089aef86df243251501b42928ace5cacfa3e47bb17e521ae67a1b"

[[dependencies]]
name = "solady"
version = "0.1.26"
url = "https://soldeer-revisions.s3.amazonaws.com/solady/0_1_26_25-08-2025_15:30:06_solady.zip"
checksum = "9872ac7cfd32c1eba32800508a1325c49f4a4aa8c6f670454db91971a583e26b"
integrity = "5da4b5ca9cbad98812a4b75ad528ff34c72a0b84433204be6d1420c81de1d6ff"
