[[dependencies]]
name = "@openzeppelin-contracts"
version = "5.7.0"
url = "https://soldeer-revisions.s3.amazonaws.com/@openzeppelin-contracts/5_7_0_29-07-2026_19:34:46_contracts.zip"
checksum = "fe08a24bc34334b2976c6ad69a0d74bdfa63de8a5c8528579060f25a11fb5cd5"
integrity = "3e13bc4d96bdef6e35f6b1e0dc0e455843a958edc597750dff20ca50295b767d"

[[dependencies]]
name = "eth-infinitism-account-abstraction"
version = "0.9.0"
url = "https://soldeer-revisions.s3.amazonaws.com/eth-infinitism-account-abstraction/0_9_0_20-11-2025_00:23:28_eth-infinitism-account-abstraction-0.9.zip"
checksum = "2c10595b73d49df58e02a9413931652e62a6ecf9b9e11f2177392d55783c5a3b"
integrity = "a1e9e10b53563327b0bd696c4030e53d194008cd5ce6e2a3ae2388032cc83666"

[[dependencies]]
name = "forge-std"
version = "1.16.2"
url = "https://soldeer-revisions.s3.amazonaws.com/forge-std/1_16_2_03-07-2026_07:37:45_forge-std-1.16.zip"
checksum = "405dccc9d60d753f6abc412b4adf0359f4390f65dbadbbb277a12b4946ed8969"
integrity = "5fb4325b60d7d4194bd0481e2f94398cf1d9c6561dd12a66fb2748ef4a68205f"

[[dependencies]]
name = "solady"
version = "0.1.26"
url = "https://soldeer-revisions.s3.amazonaws.com/solady/0_1_26_25-08-2025_15:30:06_solady.zip"
checksum = "9872ac7cfd32c1eba32800508a1325c49f4a4aa8c6f670454db91971a583e26b"
integrity = "5da4b5ca9cbad98812a4b75ad528ff34c72a0b84433204be6d1420c81de1d6ff"
